
Microsoft Visual Studio Solution File, Format Version 12.00
# Visual Studio Version 17
VisualStudioVersion = 17.6.33829.357
MinimumVisualStudioVersion = 10.0.40219.1
Project("{FAE04EC0-301F-11D3-BF4B-00C04F79EFBC}") = "SistemaInventario", "SistemaInventario\SistemaInventario.csproj", "{6850F893-0C59-45E7-8A85-F06E251C2663}"
EndProject
Global
	GlobalSection(SolutionConfigurationPlatforms) = preSolution
		Debug|Any CPU = Debug|Any CPU
		Release|Any CPU = Release|Any CPU
	EndGlobalSection
	GlobalSection(ProjectConfigurationPlatforms) = postSolution
		{6850F893-0C59-45E7-8A85-F06E251C2663}.Debug|Any CPU.ActiveCfg = Debug|Any CPU
		{6850F893-0C59-45E7-8A85-F06E251C2663}.Debug|Any CPU.Build.0 = Debug|Any CPU
		{6850F893-0C59-45E7-8A85-F06E251C2663}.Release|Any CPU.ActiveCfg = Release|Any CPU
		{6850F893-0C59-45E7-8A85-F06E251C2663}.Release|Any CPU.Build.0 = Release|Any CPU
	EndGlobalSection
	GlobalSection(SolutionProperties) = preSolution
		HideSolutionNode = FALSE
	EndGlobalSection
	GlobalSection(ExtensibilityGlobals) = postSolution
		SolutionGuid = {6D21213A-EFAF-4E03-A4DA-BF22567A9765}
	EndGlobalSection
EndGlobal
